
Microsoft Visual Studio Solution File, Format Version 12.00
# Visual Studio Version 17
VisualStudioVersion = 17.5.002.0
MinimumVisualStudioVersion = 10.0.40219.1
Project("{9A19103F-16F7-4668-BE54-9A1E7A4F7556}") = "CollaborationTesting", "CollaborationTesting.csproj", "{22570004-92A5-4BB1-966C-34A23AEB5C2E}"
EndProject
Global
	GlobalSection(SolutionConfigurationPlatforms) = preSolution
		Debug|Any CPU = Debug|Any CPU
		Release|Any CPU = Release|Any CPU
	EndGlobalSection
	GlobalSection(ProjectConfigurationPlatforms) = postSolution
		{22570004-92A5-4BB1-966C-34A23AEB5C2E}.Debug|Any CPU.ActiveCfg = Debug|Any CPU
		{22570004-92A5-4BB1-966C-34A23AEB5C2E}.Debug|Any CPU.Build.0 = Debug|Any CPU
		{22570004-92A5-4BB1-966C-34A23AEB5C2E}.Release|Any CPU.ActiveCfg = Release|Any CPU
		{22570004-92A5-4BB1-966C-34A23AEB5C2E}.Release|Any CPU.Build.0 = Release|Any CPU
	EndGlobalSection
	GlobalSection(SolutionProperties) = preSolution
		HideSolutionNode = FALSE
	EndGlobalSection
	GlobalSection(ExtensibilityGlobals) = postSolution
		SolutionGuid = {6F32F936-F8AA-42E6-807F-D0E0BA7E3282}
	EndGlobalSection
EndGlobal
